
Microsoft Visual Studio Solution File, Format Version 12.00
# Visual Studio Version 17
VisualStudioVersion = 17.0.31903.59
MinimumVisualStudioVersion = 10.0.40219.1
Project("{FAE04EC0-301F-11D3-BF4B-00C04F79EFBC}") = "MinimalApiTodoList", "MinimalApiTodoList\MinimalApiTodoList.csproj", "{8C2F064B-4118-4EC2-8B35-2859283C4D9E}"
EndProject
Global
	GlobalSection(SolutionConfigurationPlatforms) = preSolution
		Debug|Any CPU = Debug|Any CPU
		Release|Any CPU = Release|Any CPU
	EndGlobalSection
	GlobalSection(ProjectConfigurationPlatforms) = postSolution
		{8C2F064B-4118-4EC2-8B35-2859283C4D9E}.Debug|Any CPU.ActiveCfg = Debug|Any CPU
		{8C2F064B-4118-4EC2-8B35-2859283C4D9E}.Debug|Any CPU.Build.0 = Debug|Any CPU
		{8C2F064B-4118-4EC2-8B35-2859283C4D9E}.Release|Any CPU.ActiveCfg = Release|Any CPU
		{8C2F064B-4118-4EC2-8B35-2859283C4D9E}.Release|Any CPU.Build.0 = Release|Any CPU
	EndGlobalSection
	GlobalSection(SolutionProperties) = preSolution
		HideSolutionNode = FALSE
	EndGlobalSection
	GlobalSection(ExtensibilityGlobals) = postSolution
		SolutionGuid = {41E8700C-6162-4442-A26D-74FC91B3BB59}
	EndGlobalSection
EndGlobal
